// !$*UTF8*$!
{
	archiveVersion = 1;
	classes = {
	};
	objectVersion = 55;
	objects = {

/* Begin PBXBuildFile section */
		18E2A5512C1DF069001C16AF /* AppDelegate.swift in Sources */ = {isa = PBXBuildFile; fileRef = 18E2A5502C1DF069001C16AF /* AppDelegate.swift */; };
		18E2A5532C1DF069001C16AF /* SceneDelegate.swift in Sources */ = {isa = PBXBuildFile; fileRef = 18E2A5522C1DF069001C16AF /* SceneDelegate.swift */; };
		18E2A5552C1DF069001C16AF /* ViewController.swift in Sources */ = {isa = PBXBuildFile; fileRef = 18E2A5542C1DF069001C16AF /* ViewController.swift */; };
		18E2A5582C1DF069001C16AF /* Main.storyboard in Resources */ = {isa = PBXBuildFile; fileRef = 18E2A5562C1DF069001C16AF /* Main.storyboard */; };
		18E2A55A2C1DF06E001C16AF /* Assets.xcassets in Resources */ = {isa = PBXBuildFile; fileRef = 18E2A5592C1DF06E001C16AF /* Assets.xcassets */; };
		18E2A55D2C1DF06E001C16AF /* LaunchScreen.storyboard in Resources */ = {isa = PBXBuildFile; fileRef = 18E2A55B2C1DF06E001C16AF /* LaunchScreen.storyboard */; };
		18E2A5682C1DF06E001C16AF /* FreeStoreTests.swift in Sources */ = {isa = PBXBuildFile; fileRef = 18E2A5672C1DF06E001C16AF /* FreeStoreTests.swift */; };
		18E2A5722C1DF06E001C16AF /* FreeStoreUITests.swift in Sources */ = {isa = PBXBuildFile; fileRef = 18E2A5712C1DF06E001C16AF /* FreeStoreUITests.swift */; };
		18E2A5742C1DF06E001C16AF /* FreeStoreUITestsLaunchTests.swift in Sources */ = {isa = PBXBuildFile; fileRef = 18E2A5732C1DF06E001C16AF /* FreeStoreUITestsLaunchTests.swift */; };
		18E2A58A2C1DF7C0001C16AF /* LoginViewController.swift in Sources */ = {isa = PBXBuildFile; fileRef = 18E2A5892C1DF7C0001C16AF /* LoginViewController.swift */; };
		18E2A58D2C209BB6001C16AF /* Login.swift in Sources */ = {isa = PBXBuildFile; fileRef = 18E2A58C2C209BB6001C16AF /* Login.swift */; };
		43272F93CB6A4F4BA992436B /* Pods_FreeStore_FreeStoreUITests.framework in Frameworks */ = {isa = PBXBuildFile; fileRef = 06872E51A0984E52124C0442 /* Pods_FreeStore_FreeStoreUITests.framework */; };
		70F2C7F9B84741EE1B9F78D4 /* Pods_FreeStore.framework in Frameworks */ = {isa = PBXBuildFile; fileRef = 6292F528F6932B578104916E /* Pods_FreeStore.framework */; };
		BE9DD30699AC91138E51A429 /* Pods_FreeStoreTests.framework in Frameworks */ = {isa = PBXBuildFile; fileRef = 0BB509A8B87CAEADACB43A38 /* Pods_FreeStoreTests.framework */; };
/* End PBXBuildFile section */

/* Begin PBXContainerItemProxy section */
		18E2A5642C1DF06E001C16AF /* PBXContainerItemProxy */ = {
			isa = PBXContainerItemProxy;
			containerPortal = 18E2A5452C1DF069001C16AF /* Project object */;
			proxyType = 1;
			remoteGlobalIDString = 18E2A54C2C1DF069001C16AF;
			remoteInfo = FreeStore;
		};
		18E2A56E2C1DF06E001C16AF /* PBXContainerItemProxy */ = {
			isa = PBXContainerItemProxy;
			containerPortal = 18E2A5452C1DF069001C16AF /* Project object */;
			proxyType = 1;
			remoteGlobalIDString = 18E2A54C2C1DF069001C16AF;
			remoteInfo = FreeStore;
		};
/* End PBXContainerItemProxy section */

/* Begin PBXFileReference section */
		06872E51A0984E52124C0442 /* Pods_FreeStore_FreeStoreUITests.framework */ = {isa = PBXFileReference; explicitFileType = wrapper.framework; includeInIndex = 0; path = Pods_FreeStore_FreeStoreUITests.framework; sourceTree = BUILT_PRODUCTS_DIR; };
		0BB509A8B87CAEADACB43A38 /* Pods_FreeStoreTests.framework */ = {isa = PBXFileReference; explicitFileType = wrapper.framework; includeInIndex = 0; path = Pods_FreeStoreTests.framework; sourceTree = BUILT_PRODUCTS_DIR; };
		18E2A54D2C1DF069001C16AF /* FreeStore.app */ = {isa = PBXFileReference; explicitFileType = wrapper.application; includeInIndex = 0; path = FreeStore.app; sourceTree = BUILT_PRODUCTS_DIR; };
		18E2A5502C1DF069001C16AF /* AppDelegate.swift */ = {isa = PBXFileReference; lastKnownFileType = sourcecode.swift; path = AppDelegate.swift; sourceTree = "<group>"; };
		18E2A5522C1DF069001C16AF /* SceneDelegate.swift */ = {isa = PBXFileReference; lastKnownFileType = sourcecode.swift; path = SceneDelegate.swift; sourceTree = "<group>"; };
		18E2A5542C1DF069001C16AF /* ViewController.swift */ = {isa = PBXFileReference; lastKnownFileType = sourcecode.swift; path = ViewController.swift; sourceTree = "<group>"; };
		18E2A5572C1DF069001C16AF /* Base */ = {isa = PBXFileReference; lastKnownFileType = file.storyboard; name = Base; path = Base.lproj/Main.storyboard; sourceTree = "<group>"; };
		18E2A5592C1DF06E001C16AF /* Assets.xcassets */ = {isa = PBXFileReference; lastKnownFileType = folder.assetcatalog; path = Assets.xcassets; sourceTree = "<group>"; };
		18E2A55C2C1DF06E001C16AF /* Base */ = {isa = PBXFileReference; lastKnownFileType = file.storyboard; name = Base; path = Base.lproj/LaunchScreen.storyboard; sourceTree = "<group>"; };
		18E2A55E2C1DF06E001C16AF /* Info.plist */ = {isa = PBXFileReference; lastKnownFileType = text.plist.xml; path = Info.plist; sourceTree = "<group>"; };
		18E2A5632C1DF06E001C16AF /* FreeStoreTests.xctest */ = {isa = PBXFileReference; explicitFileType = wrapper.cfbundle; includeInIndex = 0; path = FreeStoreTests.xctest; sourceTree = BUILT_PRODUCTS_DIR; };
		18E2A5672C1DF06E001C16AF /* FreeStoreTests.swift */ = {isa = PBXFileReference; lastKnownFileType = sourcecode.swift; path = FreeStoreTests.swift; sourceTree = "<group>"; };
		18E2A56D2C1DF06E001C16AF /* FreeStoreUITests.xctest */ = {isa = PBXFileReference; explicitFileType = wrapper.cfbundle; includeInIndex = 0; path = FreeStoreUITests.xctest; sourceTree = BUILT_PRODUCTS_DIR; };
		18E2A5712C1DF06E001C16AF /* FreeStoreUITests.swift */ = {isa = PBXFileReference; lastKnownFileType = sourcecode.swift; path = FreeStoreUITests.swift; sourceTree = "<group>"; };
		18E2A5732C1DF06E001C16AF /* FreeStoreUITestsLaunchTests.swift */ = {isa = PBXFileReference; lastKnownFileType = sourcecode.swift; path = FreeStoreUITestsLaunchTests.swift; sourceTree = "<group>"; };
		18E2A5892C1DF7C0001C16AF /* LoginViewController.swift */ = {isa = PBXFileReference; lastKnownFileType = sourcecode.swift; path = LoginViewController.swift; sourceTree = "<group>"; };
		18E2A58C2C209BB6001C16AF /* Login.swift */ = {isa = PBXFileReference; lastKnownFileType = sourcecode.swift; path = Login.swift; sourceTree = "<group>"; };
		6292F528F6932B578104916E /* Pods_FreeStore.framework */ = {isa = PBXFileReference; explicitFileType = wrapper.framework; includeInIndex = 0; path = Pods_FreeStore.framework; sourceTree = BUILT_PRODUCTS_DIR; };
		671BC0FDDEEC636F7B6AA7F3 /* Pods-FreeStoreTests.release.xcconfig */ = {isa = PBXFileReference; includeInIndex = 1; lastKnownFileType = text.xcconfig; name = "Pods-FreeStoreTests.release.xcconfig"; path = "Target Support Files/Pods-FreeStoreTests/Pods-FreeStoreTests.release.xcconfig"; sourceTree = "<group>"; };
		71710896A1182726585E9755 /* Pods-FreeStore.debug.xcconfig */ = {isa = PBXFileReference; includeInIndex = 1; lastKnownFileType = text.xcconfig; name = "Pods-FreeStore.debug.xcconfig"; path = "Target Support Files/Pods-FreeStore/Pods-FreeStore.debug.xcconfig"; sourceTree = "<group>"; };
		80438517F144F6AEAFD4448B /* Pods-FreeStoreTests.debug.xcconfig */ = {isa = PBXFileReference; includeInIndex = 1; lastKnownFileType = text.xcconfig; name = "Pods-FreeStoreTests.debug.xcconfig"; path = "Target Support Files/Pods-FreeStoreTests/Pods-FreeStoreTests.debug.xcconfig"; sourceTree = "<group>"; };
		838C97288070BDAF54CE02F4 /* Pods-FreeStore.release.xcconfig */ = {isa = PBXFileReference; includeInIndex = 1; lastKnownFileType = text.xcconfig; name = "Pods-FreeStore.release.xcconfig"; path = "Target Support Files/Pods-FreeStore/Pods-FreeStore.release.xcconfig"; sourceTree = "<group>"; };
		91A7A6F32298F80A74009741 /* Pods-FreeStore-FreeStoreUITests.debug.xcconfig */ = {isa = PBXFileReference; includeInIndex = 1; lastKnownFileType = text.xcconfig; name = "Pods-FreeStore-FreeStoreUITests.debug.xcconfig"; path = "Target Support Files/Pods-FreeStore-FreeStoreUITests/Pods-FreeStore-FreeStoreUITests.debug.xcconfig"; sourceTree = "<group>"; };
		C6499B2A0A4B644110A9C7BA /* Pods-FreeStore-FreeStoreUITests.release.xcconfig */ = {isa = PBXFileReference; includeInIndex = 1; lastKnownFileType = text.xcconfig; name = "Pods-FreeStore-FreeStoreUITests.release.xcconfig"; path = "Target Support Files/Pods-FreeStore-FreeStoreUITests/Pods-FreeStore-FreeStoreUITests.release.xcconfig"; sourceTree = "<group>"; };
/* End PBXFileReference section */

/* Begin PBXFrameworksBuildPhase section */
		18E2A54A2C1DF069001C16AF /* Frameworks */ = {
			isa = PBXFrameworksBuildPhase;
			buildActionMask = 2147483647;
			files = (
				70F2C7F9B84741EE1B9F78D4 /* Pods_FreeStore.framework in Frameworks */,
			);
			runOnlyForDeploymentPostprocessing = 0;
		};
		18E2A5602C1DF06E001C16AF /* Frameworks */ = {
			isa = PBXFrameworksBuildPhase;
			buildActionMask = 2147483647;
			files = (
				BE9DD30699AC91138E51A429 /* Pods_FreeStoreTests.framework in Frameworks */,
			);
			runOnlyForDeploymentPostprocessing = 0;
		};
		18E2A56A2C1DF06E001C16AF /* Frameworks */ = {
			isa = PBXFrameworksBuildPhase;
			buildActionMask = 2147483647;
			files = (
				43272F93CB6A4F4BA992436B /* Pods_FreeStore_FreeStoreUITests.framework in Frameworks */,
			);
			runOnlyForDeploymentPostprocessing = 0;
		};
/* End PBXFrameworksBuildPhase section */

/* Begin PBXGroup section */
		18E2A5442C1DF069001C16AF = {
			isa = PBXGroup;
			children = (
				18E2A54F2C1DF069001C16AF /* FreeStore */,
				18E2A5662C1DF06E001C16AF /* FreeStoreTests */,
				18E2A5702C1DF06E001C16AF /* FreeStoreUITests */,
				18E2A54E2C1DF069001C16AF /* Products */,
				E88E4DAA0A405B9C6540471D /* Pods */,
				4662BB50E4F729AD8DE318DD /* Frameworks */,
			);
			sourceTree = "<group>";
		};
		18E2A54E2C1DF069001C16AF /* Products */ = {
			isa = PBXGroup;
			children = (
				18E2A54D2C1DF069001C16AF /* FreeStore.app */,
				18E2A5632C1DF06E001C16AF /* FreeStoreTests.xctest */,
				18E2A56D2C1DF06E001C16AF /* FreeStoreUITests.xctest */,
			);
			name = Products;
			sourceTree = "<group>";
		};
		18E2A54F2C1DF069001C16AF /* FreeStore */ = {
			isa = PBXGroup;
			children = (
				18E2A5862C1DF203001C16AF /* Basket */,
				18E2A5852C1DF1F8001C16AF /* ProductDetail */,
				18E2A5842C1DF1F2001C16AF /* Home */,
				18E2A5832C1DF1EC001C16AF /* Login */,
				18E2A55E2C1DF06E001C16AF /* Info.plist */,
				18E2A5822C1DF1CE001C16AF /* Resources */,
				18E2A5812C1DF1BB001C16AF /* LaunchScreen */,
				18E2A5802C1DF1AA001C16AF /* Main */,
				18E2A5542C1DF069001C16AF /* ViewController.swift */,
				18E2A5562C1DF069001C16AF /* Main.storyboard */,
			);
			path = FreeStore;
			sourceTree = "<group>";
		};
		18E2A5662C1DF06E001C16AF /* FreeStoreTests */ = {
			isa = PBXGroup;
			children = (
				18E2A5672C1DF06E001C16AF /* FreeStoreTests.swift */,
			);
			path = FreeStoreTests;
			sourceTree = "<group>";
		};
		18E2A5702C1DF06E001C16AF /* FreeStoreUITests */ = {
			isa = PBXGroup;
			children = (
				18E2A5712C1DF06E001C16AF /* FreeStoreUITests.swift */,
				18E2A5732C1DF06E001C16AF /* FreeStoreUITestsLaunchTests.swift */,
			);
			path = FreeStoreUITests;
			sourceTree = "<group>";
		};
		18E2A5802C1DF1AA001C16AF /* Main */ = {
			isa = PBXGroup;
			children = (
				18E2A5502C1DF069001C16AF /* AppDelegate.swift */,
				18E2A5522C1DF069001C16AF /* SceneDelegate.swift */,
			);
			path = Main;
			sourceTree = "<group>";
		};
		18E2A5812C1DF1BB001C16AF /* LaunchScreen */ = {
			isa = PBXGroup;
			children = (
				18E2A55B2C1DF06E001C16AF /* LaunchScreen.storyboard */,
			);
			path = LaunchScreen;
			sourceTree = "<group>";
		};
		18E2A5822C1DF1CE001C16AF /* Resources */ = {
			isa = PBXGroup;
			children = (
				18E2A58B2C209B95001C16AF /* Strings */,
				18E2A5592C1DF06E001C16AF /* Assets.xcassets */,
			);
			path = Resources;
			sourceTree = "<group>";
		};
		18E2A5832C1DF1EC001C16AF /* Login */ = {
			isa = PBXGroup;
			children = (
				18E2A5872C1DF7A4001C16AF /* View */,
			);
			path = Login;
			sourceTree = "<group>";
		};
		18E2A5842C1DF1F2001C16AF /* Home */ = {
			isa = PBXGroup;
			children = (
			);
			path = Home;
			sourceTree = "<group>";
		};
		18E2A5852C1DF1F8001C16AF /* ProductDetail */ = {
			isa = PBXGroup;
			children = (
			);
			path = ProductDetail;
			sourceTree = "<group>";
		};
		18E2A5862C1DF203001C16AF /* Basket */ = {
			isa = PBXGroup;
			children = (
			);
			path = Basket;
			sourceTree = "<group>";
		};
		18E2A5872C1DF7A4001C16AF /* View */ = {
			isa = PBXGroup;
			children = (
				18E2A5892C1DF7C0001C16AF /* LoginViewController.swift */,
			);
			path = View;
			sourceTree = "<group>";
		};
		18E2A58B2C209B95001C16AF /* Strings */ = {
			isa = PBXGroup;
			children = (
				18E2A58C2C209BB6001C16AF /* Login.swift */,
			);
			path = Strings;
			sourceTree = "<group>";
		};
		4662BB50E4F729AD8DE318DD /* Frameworks */ = {
			isa = PBXGroup;
			children = (
				6292F528F6932B578104916E /* Pods_FreeStore.framework */,
				06872E51A0984E52124C0442 /* Pods_FreeStore_FreeStoreUITests.framework */,
				0BB509A8B87CAEADACB43A38 /* Pods_FreeStoreTests.framework */,
			);
			name = Frameworks;
			sourceTree = "<group>";
		};
		E88E4DAA0A405B9C6540471D /* Pods */ = {
			isa = PBXGroup;
			children = (
				71710896A1182726585E9755 /* Pods-FreeStore.debug.xcconfig */,
				838C97288070BDAF54CE02F4 /* Pods-FreeStore.release.xcconfig */,
				91A7A6F32298F80A74009741 /* Pods-FreeStore-FreeStoreUITests.debug.xcconfig */,
				C6499B2A0A4B644110A9C7BA /* Pods-FreeStore-FreeStoreUITests.release.xcconfig */,
				80438517F144F6AEAFD4448B /* Pods-FreeStoreTests.debug.xcconfig */,
				671BC0FDDEEC636F7B6AA7F3 /* Pods-FreeStoreTests.release.xcconfig */,
			);
			path = Pods;
			sourceTree = "<group>";
		};
/* End PBXGroup section */

/* Begin PBXNativeTarget section */
		18E2A54C2C1DF069001C16AF /* FreeStore */ = {
			isa = PBXNativeTarget;
			buildConfigurationList = 18E2A5772C1DF06E001C16AF /* Build configuration list for PBXNativeTarget "FreeStore" */;
			buildPhases = (
				832473B4258B9CAD62FC5F13 /* [CP] Check Pods Manifest.lock */,
				18E2A5492C1DF069001C16AF /* Sources */,
				18E2A54A2C1DF069001C16AF /* Frameworks */,
				18E2A54B2C1DF069001C16AF /* Resources */,
			);
			buildRules = (
			);
			dependencies = (
			);
			name = FreeStore;
			productName = FreeStore;
			productReference = 18E2A54D2C1DF069001C16AF /* FreeStore.app */;
			productType = "com.apple.product-type.application";
		};
		18E2A5622C1DF06E001C16AF /* FreeStoreTests */ = {
			isa = PBXNativeTarget;
			buildConfigurationList = 18E2A57A2C1DF06E001C16AF /* Build configuration list for PBXNativeTarget "FreeStoreTests" */;
			buildPhases = (
				FDA3150275DDEECE13FD5A24 /* [CP] Check Pods Manifest.lock */,
				18E2A55F2C1DF06E001C16AF /* Sources */,
				18E2A5602C1DF06E001C16AF /* Frameworks */,
				18E2A5612C1DF06E001C16AF /* Resources */,
			);
			buildRules = (
			);
			dependencies = (
				18E2A5652C1DF06E001C16AF /* PBXTargetDependency */,
			);
			name = FreeStoreTests;
			productName = FreeStoreTests;
			productReference = 18E2A5632C1DF06E001C16AF /* FreeStoreTests.xctest */;
			productType = "com.apple.product-type.bundle.unit-test";
		};
		18E2A56C2C1DF06E001C16AF /* FreeStoreUITests */ = {
			isa = PBXNativeTarget;
			buildConfigurationList = 18E2A57D2C1DF06E001C16AF /* Build configuration list for PBXNativeTarget "FreeStoreUITests" */;
			buildPhases = (
				4F588482AFBA1B3EA5FDBAD5 /* [CP] Check Pods Manifest.lock */,
				18E2A5692C1DF06E001C16AF /* Sources */,
				18E2A56A2C1DF06E001C16AF /* Frameworks */,
				18E2A56B2C1DF06E001C16AF /* Resources */,
			);
			buildRules = (
			);
			dependencies = (
				18E2A56F2C1DF06E001C16AF /* PBXTargetDependency */,
			);
			name = FreeStoreUITests;
			productName = FreeStoreUITests;
			productReference = 18E2A56D2C1DF06E001C16AF /* FreeStoreUITests.xctest */;
			productType = "com.apple.product-type.bundle.ui-testing";
		};
/* End PBXNativeTarget section */

/* Begin PBXProject section */
		18E2A5452C1DF069001C16AF /* Project object */ = {
			isa = PBXProject;
			attributes = {
				BuildIndependentTargetsInParallel = 1;
				LastSwiftUpdateCheck = 1330;
				LastUpgradeCheck = 1330;
				TargetAttributes = {
					18E2A54C2C1DF069001C16AF = {
						CreatedOnToolsVersion = 13.3.1;
					};
					18E2A5622C1DF06E001C16AF = {
						CreatedOnToolsVersion = 13.3.1;
						TestTargetID = 18E2A54C2C1DF069001C16AF;
					};
					18E2A56C2C1DF06E001C16AF = {
						CreatedOnToolsVersion = 13.3.1;
						TestTargetID = 18E2A54C2C1DF069001C16AF;
					};
				};
			};
			buildConfigurationList = 18E2A5482C1DF069001C16AF /* Build configuration list for PBXProject "FreeStore" */;
			compatibilityVersion = "Xcode 13.0";
			developmentRegion = en;
			hasScannedForEncodings = 0;
			knownRegions = (
				en,
				Base,
			);
			mainGroup = 18E2A5442C1DF069001C16AF;
			productRefGroup = 18E2A54E2C1DF069001C16AF /* Products */;
			projectDirPath = "";
			projectRoot = "";
			targets = (
				18E2A54C2C1DF069001C16AF /* FreeStore */,
				18E2A5622C1DF06E001C16AF /* FreeStoreTests */,
				18E2A56C2C1DF06E001C16AF /* FreeStoreUITests */,
			);
		};
/* End PBXProject section */

/* Begin PBXResourcesBuildPhase section */
		18E2A54B2C1DF069001C16AF /* Resources */ = {
			isa = PBXResourcesBuildPhase;
			buildActionMask = 2147483647;
			files = (
				18E2A55D2C1DF06E001C16AF /* LaunchScreen.storyboard in Resources */,
				18E2A55A2C1DF06E001C16AF /* Assets.xcassets in Resources */,
				18E2A5582C1DF069001C16AF /* Main.storyboard in Resources */,
			);
			runOnlyForDeploymentPostprocessing = 0;
		};
		18E2A5612C1DF06E001C16AF /* Resources */ = {
			isa = PBXResourcesBuildPhase;
			buildActionMask = 2147483647;
			files = (
			);
			runOnlyForDeploymentPostprocessing = 0;
		};
		18E2A56B2C1DF06E001C16AF /* Resources */ = {
			isa = PBXResourcesBuildPhase;
			buildActionMask = 2147483647;
			files = (
			);
			runOnlyForDeploymentPostprocessing = 0;
		};
/* End PBXResourcesBuildPhase section */

/* Begin PBXShellScriptBuildPhase section */
		4F588482AFBA1B3EA5FDBAD5 /* [CP] Check Pods Manifest.lock */ = {
			isa = PBXShellScriptBuildPhase;
			buildActionMask = 2147483647;
			files = (
			);
			inputFileListPaths = (
			);
			inputPaths = (
				"${PODS_PODFILE_DIR_PATH}/Podfile.lock",
				"${PODS_ROOT}/Manifest.lock",
			);
			name = "[CP] Check Pods Manifest.lock";
			outputFileListPaths = (
			);
			outputPaths = (
				"$(DERIVED_FILE_DIR)/Pods-FreeStore-FreeStoreUITests-checkManifestLockResult.txt",
			);
			runOnlyForDeploymentPostprocessing = 0;
			shellPath = /bin/sh;
			shellScript = "diff \"${PODS_PODFILE_DIR_PATH}/Podfile.lock\" \"${PODS_ROOT}/Manifest.lock\" > /dev/null\nif [ $? != 0 ] ; then\n    # print error to STDERR\n    echo \"error: The sandbox is not in sync with the Podfile.lock. Run 'pod install' or update your CocoaPods installation.\" >&2\n    exit 1\nfi\n# This output is used by Xcode 'outputs' to avoid re-running this script phase.\necho \"SUCCESS\" > \"${SCRIPT_OUTPUT_FILE_0}\"\n";
			showEnvVarsInLog = 0;
		};
		832473B4258B9CAD62FC5F13 /* [CP] Check Pods Manifest.lock */ = {
			isa = PBXShellScriptBuildPhase;
			buildActionMask = 2147483647;
			files = (
			);
			inputFileListPaths = (
			);
			inputPaths = (
				"${PODS_PODFILE_DIR_PATH}/Podfile.lock",
				"${PODS_ROOT}/Manifest.lock",
			);
			name = "[CP] Check Pods Manifest.lock";
			outputFileListPaths = (
			);
			outputPaths = (
				"$(DERIVED_FILE_DIR)/Pods-FreeStore-checkManifestLockResult.txt",
			);
			runOnlyForDeploymentPostprocessing = 0;
			shellPath = /bin/sh;
			shellScript = "diff \"${PODS_PODFILE_DIR_PATH}/Podfile.lock\" \"${PODS_ROOT}/Manifest.lock\" > /dev/null\nif [ $? != 0 ] ; then\n    # print error to STDERR\n    echo \"error: The sandbox is not in sync with the Podfile.lock. Run 'pod install' or update your CocoaPods installation.\" >&2\n    exit 1\nfi\n# This output is used by Xcode 'outputs' to avoid re-running this script phase.\necho \"SUCCESS\" > \"${SCRIPT_OUTPUT_FILE_0}\"\n";
			showEnvVarsInLog = 0;
		};
		FDA3150275DDEECE13FD5A24 /* [CP] Check Pods Manifest.lock */ = {
			isa = PBXShellScriptBuildPhase;
			buildActionMask = 2147483647;
			files = (
			);
			inputFileListPaths = (
			);
			inputPaths = (
				"${PODS_PODFILE_DIR_PATH}/Podfile.lock",
				"${PODS_ROOT}/Manifest.lock",
			);
			name = "[CP] Check Pods Manifest.lock";
			outputFileListPaths = (
			);
			outputPaths = (
				"$(DERIVED_FILE_DIR)/Pods-FreeStoreTests-checkManifestLockResult.txt",
			);
			runOnlyForDeploymentPostprocessing = 0;
			shellPath = /bin/sh;
			shellScript = "diff \"${PODS_PODFILE_DIR_PATH}/Podfile.lock\" \"${PODS_ROOT}/Manifest.lock\" > /dev/null\nif [ $? != 0 ] ; then\n    # print error to STDERR\n    echo \"error: The sandbox is not in sync with the Podfile.lock. Run 'pod install' or update your CocoaPods installation.\" >&2\n    exit 1\nfi\n# This output is used by Xcode 'outputs' to avoid re-running this script phase.\necho \"SUCCESS\" > \"${SCRIPT_OUTPUT_FILE_0}\"\n";
			showEnvVarsInLog = 0;
		};
/* End PBXShellScriptBuildPhase section */

/* Begin PBXSourcesBuildPhase section */
		18E2A5492C1DF069001C16AF /* Sources */ = {
			isa = PBXSourcesBuildPhase;
			buildActionMask = 2147483647;
			files = (
				18E2A58A2C1DF7C0001C16AF /* LoginViewController.swift in Sources */,
				18E2A58D2C209BB6001C16AF /* Login.swift in Sources */,
				18E2A5552C1DF069001C16AF /* ViewController.swift in Sources */,
				18E2A5512C1DF069001C16AF /* AppDelegate.swift in Sources */,
				18E2A5532C1DF069001C16AF /* SceneDelegate.swift in Sources */,
			);
			runOnlyForDeploymentPostprocessing = 0;
		};
		18E2A55F2C1DF06E001C16AF /* Sources */ = {
			isa = PBXSourcesBuildPhase;
			buildActionMask = 2147483647;
			files = (
				18E2A5682C1DF06E001C16AF /* FreeStoreTests.swift in Sources */,
			);
			runOnlyForDeploymentPostprocessing = 0;
		};
		18E2A5692C1DF06E001C16AF /* Sources */ = {
			isa = PBXSourcesBuildPhase;
			buildActionMask = 2147483647;
			files = (
				18E2A5742C1DF06E001C16AF /* FreeStoreUITestsLaunchTests.swift in Sources */,
				18E2A5722C1DF06E001C16AF /* FreeStoreUITests.swift in Sources */,
			);
			runOnlyForDeploymentPostprocessing = 0;
		};
/* End PBXSourcesBuildPhase section */

/* Begin PBXTargetDependency section */
		18E2A5652C1DF06E001C16AF /* PBXTargetDependency */ = {
			isa = PBXTargetDependency;
			target = 18E2A54C2C1DF069001C16AF /* FreeStore */;
			targetProxy = 18E2A5642C1DF06E001C16AF /* PBXContainerItemProxy */;
		};
		18E2A56F2C1DF06E001C16AF /* PBXTargetDependency */ = {
			isa = PBXTargetDependency;
			target = 18E2A54C2C1DF069001C16AF /* FreeStore */;
			targetProxy = 18E2A56E2C1DF06E001C16AF /* PBXContainerItemProxy */;
		};
/* End PBXTargetDependency section */

/* Begin PBXVariantGroup section */
		18E2A5562C1DF069001C16AF /* Main.storyboard */ = {
			isa = PBXVariantGroup;
			children = (
				18E2A5572C1DF069001C16AF /* Base */,
			);
			name = Main.storyboard;
			sourceTree = "<group>";
		};
		18E2A55B2C1DF06E001C16AF /* LaunchScreen.storyboard */ = {
			isa = PBXVariantGroup;
			children = (
				18E2A55C2C1DF06E001C16AF /* Base */,
			);
			name = LaunchScreen.storyboard;
			sourceTree = "<group>";
		};
/* End PBXVariantGroup section */

/* Begin XCBuildConfiguration section */
		18E2A5752C1DF06E001C16AF /* Debug */ = {
			isa = XCBuildConfiguration;
			buildSettings = {
				ALWAYS_SEARCH_USER_PATHS = NO;
				CLANG_ANALYZER_NONNULL = YES;
				CLANG_ANALYZER_NUMBER_OBJECT_CONVERSION = YES_AGGRESSIVE;
				CLANG_CXX_LANGUAGE_STANDARD = "gnu++17";
				CLANG_ENABLE_MODULES = YES;
				CLANG_ENABLE_OBJC_ARC = YES;
				CLANG_ENABLE_OBJC_WEAK = YES;
				CLANG_WARN_BLOCK_CAPTURE_AUTORELEASING = YES;
				CLANG_WARN_BOOL_CONVERSION = YES;
				CLANG_WARN_COMMA = YES;
				CLANG_WARN_CONSTANT_CONVERSION = YES;
				CLANG_WARN_DEPRECATED_OBJC_IMPLEMENTATIONS = YES;
				CLANG_WARN_DIRECT_OBJC_ISA_USAGE = YES_ERROR;
				CLANG_WARN_DOCUMENTATION_COMMENTS = YES;
				CLANG_WARN_EMPTY_BODY = YES;
				CLANG_WARN_ENUM_CONVERSION = YES;
				CLANG_WARN_INFINITE_RECURSION = YES;
				CLANG_WARN_INT_CONVERSION = YES;
				CLANG_WARN_NON_LITERAL_NULL_CONVERSION = YES;
				CLANG_WARN_OBJC_IMPLICIT_RETAIN_SELF = YES;
				CLANG_WARN_OBJC_LITERAL_CONVERSION = YES;
				CLANG_WARN_OBJC_ROOT_CLASS = YES_ERROR;
				CLANG_WARN_QUOTED_INCLUDE_IN_FRAMEWORK_HEADER = YES;
				CLANG_WARN_RANGE_LOOP_ANALYSIS = YES;
				CLANG_WARN_STRICT_PROTOTYPES = YES;
				CLANG_WARN_SUSPICIOUS_MOVE = YES;
				CLANG_WARN_UNGUARDED_AVAILABILITY = YES_AGGRESSIVE;
				CLANG_WARN_UNREACHABLE_CODE = YES;
				CLANG_WARN__DUPLICATE_METHOD_MATCH = YES;
				COPY_PHASE_STRIP = NO;
				DEBUG_INFORMATION_FORMAT = dwarf;
				ENABLE_STRICT_OBJC_MSGSEND = YES;
				ENABLE_TESTABILITY = YES;
				GCC_C_LANGUAGE_STANDARD = gnu11;
				GCC_DYNAMIC_NO_PIC = NO;
				GCC_NO_COMMON_BLOCKS = YES;
				GCC_OPTIMIZATION_LEVEL = 0;
				GCC_PREPROCESSOR_DEFINITIONS = (
					"DEBUG=1",
					"$(inherited)",
				);
				GCC_WARN_64_TO_32_BIT_CONVERSION = YES;
				GCC_WARN_ABOUT_RETURN_TYPE = YES_ERROR;
				GCC_WARN_UNDECLARED_SELECTOR = YES;
				GCC_WARN_UNINITIALIZED_AUTOS = YES_AGGRESSIVE;
				GCC_WARN_UNUSED_FUNCTION = YES;
				GCC_WARN_UNUSED_VARIABLE = YES;
				IPHONEOS_DEPLOYMENT_TARGET = 15.4;
				MTL_ENABLE_DEBUG_INFO = INCLUDE_SOURCE;
				MTL_FAST_MATH = YES;
				ONLY_ACTIVE_ARCH = YES;
				SDKROOT = iphoneos;
				SWIFT_ACTIVE_COMPILATION_CONDITIONS = DEBUG;
				SWIFT_OPTIMIZATION_LEVEL = "-Onone";
			};
			name = Debug;
		};
		18E2A5762C1DF06E001C16AF /* Release */ = {
			isa = XCBuildConfiguration;
			buildSettings = {
				ALWAYS_SEARCH_USER_PATHS = NO;
				CLANG_ANALYZER_NONNULL = YES;
				CLANG_ANALYZER_NUMBER_OBJECT_CONVERSION = YES_AGGRESSIVE;
				CLANG_CXX_LANGUAGE_STANDARD = "gnu++17";
				CLANG_ENABLE_MODULES = YES;
				CLANG_ENABLE_OBJC_ARC = YES;
				CLANG_ENABLE_OBJC_WEAK = YES;
				CLANG_WARN_BLOCK_CAPTURE_AUTORELEASING = YES;
				CLANG_WARN_BOOL_CONVERSION = YES;
				CLANG_WARN_COMMA = YES;
				CLANG_WARN_CONSTANT_CONVERSION = YES;
				CLANG_WARN_DEPRECATED_OBJC_IMPLEMENTATIONS = YES;
				CLANG_WARN_DIRECT_OBJC_ISA_USAGE = YES_ERROR;
				CLANG_WARN_DOCUMENTATION_COMMENTS = YES;
				CLANG_WARN_EMPTY_BODY = YES;
				CLANG_WARN_ENUM_CONVERSION = YES;
				CLANG_WARN_INFINITE_RECURSION = YES;
				CLANG_WARN_INT_CONVERSION = YES;
				CLANG_WARN_NON_LITERAL_NULL_CONVERSION = YES;
				CLANG_WARN_OBJC_IMPLICIT_RETAIN_SELF = YES;
				CLANG_WARN_OBJC_LITERAL_CONVERSION = YES;
				CLANG_WARN_OBJC_ROOT_CLASS = YES_ERROR;
				CLANG_WARN_QUOTED_INCLUDE_IN_FRAMEWORK_HEADER = YES;
				CLANG_WARN_RANGE_LOOP_ANALYSIS = YES;
				CLANG_WARN_STRICT_PROTOTYPES = YES;
				CLANG_WARN_SUSPICIOUS_MOVE = YES;
				CLANG_WARN_UNGUARDED_AVAILABILITY = YES_AGGRESSIVE;
				CLANG_WARN_UNREACHABLE_CODE = YES;
				CLANG_WARN__DUPLICATE_METHOD_MATCH = YES;
				COPY_PHASE_STRIP = NO;
				DEBUG_INFORMATION_FORMAT = "dwarf-with-dsym";
				ENABLE_NS_ASSERTIONS = NO;
				ENABLE_STRICT_OBJC_MSGSEND = YES;
				GCC_C_LANGUAGE_STANDARD = gnu11;
				GCC_NO_COMMON_BLOCKS = YES;
				GCC_WARN_64_TO_32_BIT_CONVERSION = YES;
				GCC_WARN_ABOUT_RETURN_TYPE = YES_ERROR;
				GCC_WARN_UNDECLARED_SELECTOR = YES;
				GCC_WARN_UNINITIALIZED_AUTOS = YES_AGGRESSIVE;
				GCC_WARN_UNUSED_FUNCTION = YES;
				GCC_WARN_UNUSED_VARIABLE = YES;
				IPHONEOS_DEPLOYMENT_TARGET = 15.4;
				MTL_ENABLE_DEBUG_INFO = NO;
				MTL_FAST_MATH = YES;
				SDKROOT = iphoneos;
				SWIFT_COMPILATION_MODE = wholemodule;
				SWIFT_OPTIMIZATION_LEVEL = "-O";
				VALIDATE_PRODUCT = YES;
			};
			name = Release;
		};
		18E2A5782C1DF06E001C16AF /* Debug */ = {
			isa = XCBuildConfiguration;
			baseConfigurationReference = 71710896A1182726585E9755 /* Pods-FreeStore.debug.xcconfig */;
			buildSettings = {
				ASSETCATALOG_COMPILER_APPICON_NAME = AppIcon;
				ASSETCATALOG_COMPILER_GLOBAL_ACCENT_COLOR_NAME = AccentColor;
				CODE_SIGN_STYLE = Automatic;
				CURRENT_PROJECT_VERSION = 1;
				GENERATE_INFOPLIST_FILE = YES;
				INFOPLIST_FILE = FreeStore/Info.plist;
				INFOPLIST_KEY_UIApplicationSupportsIndirectInputEvents = YES;
				INFOPLIST_KEY_UILaunchStoryboardName = LaunchScreen;
				INFOPLIST_KEY_UIMainStoryboardFile = Main;
				INFOPLIST_KEY_UISupportedInterfaceOrientations_iPad = "UIInterfaceOrientationPortrait UIInterfaceOrientationPortraitUpsideDown UIInterfaceOrientationLandscapeLeft UIInterfaceOrientationLandscapeRight";
				INFOPLIST_KEY_UISupportedInterfaceOrientations_iPhone = "UIInterfaceOrientationPortrait UIInterfaceOrientationLandscapeLeft UIInterfaceOrientationLandscapeRight";
				LD_RUNPATH_SEARCH_PATHS = (
					"$(inherited)",
					"@executable_path/Frameworks",
				);
				MARKETING_VERSION = 1.0;
				PRODUCT_BUNDLE_IDENTIFIER = yorman.FreeStore;
				PRODUCT_NAME = "$(TARGET_NAME)";
				SWIFT_EMIT_LOC_STRINGS = YES;
				SWIFT_VERSION = 5.0;
				TARGETED_DEVICE_FAMILY = "1,2";
			};
			name = Debug;
		};
		18E2A5792C1DF06E001C16AF /* Release */ = {
			isa = XCBuildConfiguration;
			baseConfigurationReference = 838C97288070BDAF54CE02F4 /* Pods-FreeStore.release.xcconfig */;
			buildSettings = {
				ASSETCATALOG_COMPILER_APPICON_NAME = AppIcon;
				ASSETCATALOG_COMPILER_GLOBAL_ACCENT_COLOR_NAME = AccentColor;
				CODE_SIGN_STYLE = Automatic;
				CURRENT_PROJECT_VERSION = 1;
				GENERATE_INFOPLIST_FILE = YES;
				INFOPLIST_FILE = FreeStore/Info.plist;
				INFOPLIST_KEY_UIApplicationSupportsIndirectInputEvents = YES;
				INFOPLIST_KEY_UILaunchStoryboardName = LaunchScreen;
				INFOPLIST_KEY_UIMainStoryboardFile = Main;
				INFOPLIST_KEY_UISupportedInterfaceOrientations_iPad = "UIInterfaceOrientationPortrait UIInterfaceOrientationPortraitUpsideDown UIInterfaceOrientationLandscapeLeft UIInterfaceOrientationLandscapeRight";
				INFOPLIST_KEY_UISupportedInterfaceOrientations_iPhone = "UIInterfaceOrientationPortrait UIInterfaceOrientationLandscapeLeft UIInterfaceOrientationLandscapeRight";
				LD_RUNPATH_SEARCH_PATHS = (
					"$(inherited)",
					"@executable_path/Frameworks",
				);
				MARKETING_VERSION = 1.0;
				PRODUCT_BUNDLE_IDENTIFIER = yorman.FreeStore;
				PRODUCT_NAME = "$(TARGET_NAME)";
				SWIFT_EMIT_LOC_STRINGS = YES;
				SWIFT_VERSION = 5.0;
				TARGETED_DEVICE_FAMILY = "1,2";
			};
			name = Release;
		};
		18E2A57B2C1DF06E001C16AF /* Debug */ = {
			isa = XCBuildConfiguration;
			baseConfigurationReference = 80438517F144F6AEAFD4448B /* Pods-FreeStoreTests.debug.xcconfig */;
			buildSettings = {
				ALWAYS_EMBED_SWIFT_STANDARD_LIBRARIES = YES;
				BUNDLE_LOADER = "$(TEST_HOST)";
				CODE_SIGN_STYLE = Automatic;
				CURRENT_PROJECT_VERSION = 1;
				GENERATE_INFOPLIST_FILE = YES;
				IPHONEOS_DEPLOYMENT_TARGET = 15.4;
				MARKETING_VERSION = 1.0;
				PRODUCT_BUNDLE_IDENTIFIER = yorman.FreeStoreTests;
				PRODUCT_NAME = "$(TARGET_NAME)";
				SWIFT_EMIT_LOC_STRINGS = NO;
				SWIFT_VERSION = 5.0;
				TARGETED_DEVICE_FAMILY = "1,2";
				TEST_HOST = "$(BUILT_PRODUCTS_DIR)/FreeStore.app/FreeStore";
			};
			name = Debug;
		};
		18E2A57C2C1DF06E001C16AF /* Release */ = {
			isa = XCBuildConfiguration;
			baseConfigurationReference = 671BC0FDDEEC636F7B6AA7F3 /* Pods-FreeStoreTests.release.xcconfig */;
			buildSettings = {
				ALWAYS_EMBED_SWIFT_STANDARD_LIBRARIES = YES;
				BUNDLE_LOADER = "$(TEST_HOST)";
				CODE_SIGN_STYLE = Automatic;
				CURRENT_PROJECT_VERSION = 1;
				GENERATE_INFOPLIST_FILE = YES;
				IPHONEOS_DEPLOYMENT_TARGET = 15.4;
				MARKETING_VERSION = 1.0;
				PRODUCT_BUNDLE_IDENTIFIER = yorman.FreeStoreTests;
				PRODUCT_NAME = "$(TARGET_NAME)";
				SWIFT_EMIT_LOC_STRINGS = NO;
				SWIFT_VERSION = 5.0;
				TARGETED_DEVICE_FAMILY = "1,2";
				TEST_HOST = "$(BUILT_PRODUCTS_DIR)/FreeStore.app/FreeStore";
			};
			name = Release;
		};
		18E2A57E2C1DF06E001C16AF /* Debug */ = {
			isa = XCBuildConfiguration;
			baseConfigurationReference = 91A7A6F32298F80A74009741 /* Pods-FreeStore-FreeStoreUITests.debug.xcconfig */;
			buildSettings = {
				ALWAYS_EMBED_SWIFT_STANDARD_LIBRARIES = YES;
				CODE_SIGN_STYLE = Automatic;
				CURRENT_PROJECT_VERSION = 1;
				GENERATE_INFOPLIST_FILE = YES;
				MARKETING_VERSION = 1.0;
				PRODUCT_BUNDLE_IDENTIFIER = yorman.FreeStoreUITests;
				PRODUCT_NAME = "$(TARGET_NAME)";
				SWIFT_EMIT_LOC_STRINGS = NO;
				SWIFT_VERSION = 5.0;
				TARGETED_DEVICE_FAMILY = "1,2";
				TEST_TARGET_NAME = FreeStore;
			};
			name = Debug;
		};
		18E2A57F2C1DF06E001C16AF /* Release */ = {
			isa = XCBuildConfiguration;
			baseConfigurationReference = C6499B2A0A4B644110A9C7BA /* Pods-FreeStore-FreeStoreUITests.release.xcconfig */;
			buildSettings = {
				ALWAYS_EMBED_SWIFT_STANDARD_LIBRARIES = YES;
				CODE_SIGN_STYLE = Automatic;
				CURRENT_PROJECT_VERSION = 1;
				GENERATE_INFOPLIST_FILE = YES;
				MARKETING_VERSION = 1.0;
				PRODUCT_BUNDLE_IDENTIFIER = yorman.FreeStoreUITests;
				PRODUCT_NAME = "$(TARGET_NAME)";
				SWIFT_EMIT_LOC_STRINGS = NO;
				SWIFT_VERSION = 5.0;
				TARGETED_DEVICE_FAMILY = "1,2";
				TEST_TARGET_NAME = FreeStore;
			};
			name = Release;
		};
/* End XCBuildConfiguration section */

/* Begin XCConfigurationList section */
		18E2A5482C1DF069001C16AF /* Build configuration list for PBXProject "FreeStore" */ = {
			isa = XCConfigurationList;
			buildConfigurations = (
				18E2A5752C1DF06E001C16AF /* Debug */,
				18E2A5762C1DF06E001C16AF /* Release */,
			);
			defaultConfigurationIsVisible = 0;
			defaultConfigurationName = Release;
		};
		18E2A5772C1DF06E001C16AF /* Build configuration list for PBXNativeTarget "FreeStore" */ = {
			isa = XCConfigurationList;
			buildConfigurations = (
				18E2A5782C1DF06E001C16AF /* Debug */,
				18E2A5792C1DF06E001C16AF /* Release */,
			);
			defaultConfigurationIsVisible = 0;
			defaultConfigurationName = Release;
		};
		18E2A57A2C1DF06E001C16AF /* Build configuration list for PBXNativeTarget "FreeStoreTests" */ = {
			isa = XCConfigurationList;
			buildConfigurations = (
				18E2A57B2C1DF06E001C16AF /* Debug */,
				18E2A57C2C1DF06E001C16AF /* Release */,
			);
			defaultConfigurationIsVisible = 0;
			defaultConfigurationName = Release;
		};
		18E2A57D2C1DF06E001C16AF /* Build configuration list for PBXNativeTarget "FreeStoreUITests" */ = {
			isa = XCConfigurationList;
			buildConfigurations = (
				18E2A57E2C1DF06E001C16AF /* Debug */,
				18E2A57F2C1DF06E001C16AF /* Release */,
			);
			defaultConfigurationIsVisible = 0;
			defaultConfigurationName = Release;
		};
/* End XCConfigurationList section */
	};
	rootObject = 18E2A5452C1DF069001C16AF /* Project object */;
}
